// !$*UTF8*$!
{
	archiveVersion = 1;
	classes = {
	};
	objectVersion = 46;
	objects = {

/* Begin PBXBuildFile section */
		C94ADA8C141AA2CF00766C2F /* UIKit.framework in Frameworks */ = {isa = PBXBuildFile; fileRef = C94ADA8B141AA2CF00766C2F /* UIKit.framework */; };
		C94ADA8E141AA2CF00766C2F /* Foundation.framework in Frameworks */ = {isa = PBXBuildFile; fileRef = C94ADA8D141AA2CF00766C2F /* Foundation.framework */; };
		C94ADA90141AA2CF00766C2F /* CoreGraphics.framework in Frameworks */ = {isa = PBXBuildFile; fileRef = C94ADA8F141AA2CF00766C2F /* CoreGraphics.framework */; };
		C94ADA96141AA2CF00766C2F /* InfoPlist.strings in Resources */ = {isa = PBXBuildFile; fileRef = C94ADA94141AA2CF00766C2F /* InfoPlist.strings */; };
		C94ADA98141AA2CF00766C2F /* main.m in Sources */ = {isa = PBXBuildFile; fileRef = C94ADA97141AA2CF00766C2F /* main.m */; };
		C94ADA9C141AA2CF00766C2F /* AppDelegate.m in Sources */ = {isa = PBXBuildFile; fileRef = C94ADA9B141AA2CF00766C2F /* AppDelegate.m */; };
		C94ADA9F141AA2CF00766C2F /* MainStoryboard_iPhone.storyboard in Resources */ = {isa = PBXBuildFile; fileRef = C94ADA9D141AA2CF00766C2F /* MainStoryboard_iPhone.storyboard */; };
		C94ADAA2141AA2CF00766C2F /* MainStoryboard_iPad.storyboard in Resources */ = {isa = PBXBuildFile; fileRef = C94ADAA0141AA2CF00766C2F /* MainStoryboard_iPad.storyboard */; };
		C94ADAA5141AA2CF00766C2F /* FirstViewController.m in Sources */ = {isa = PBXBuildFile; fileRef = C94ADAA4141AA2CF00766C2F /* FirstViewController.m */; };
		C94ADAA7141AA2CF00766C2F /* first.png in Resources */ = {isa = PBXBuildFile; fileRef = C94ADAA6141AA2CF00766C2F /* first.png */; };
		C94ADAA9141AA2CF00766C2F /* first@2x.png in Resources */ = {isa = PBXBuildFile; fileRef = C94ADAA8141AA2CF00766C2F /* first@2x.png */; };
		C94ADAAC141AA2CF00766C2F /* SecondViewController.m in Sources */ = {isa = PBXBuildFile; fileRef = C94ADAAB141AA2CF00766C2F /* SecondViewController.m */; };
		C94ADAAE141AA2CF00766C2F /* second.png in Resources */ = {isa = PBXBuildFile; fileRef = C94ADAAD141AA2CF00766C2F /* second.png */; };
		C94ADAB0141AA2CF00766C2F /* second@2x.png in Resources */ = {isa = PBXBuildFile; fileRef = C94ADAAF141AA2CF00766C2F /* second@2x.png */; };
		C94ADAB8141AA2D000766C2F /* SenTestingKit.framework in Frameworks */ = {isa = PBXBuildFile; fileRef = C94ADAB7141AA2D000766C2F /* SenTestingKit.framework */; };
		C94ADAB9141AA2D000766C2F /* UIKit.framework in Frameworks */ = {isa = PBXBuildFile; fileRef = C94ADA8B141AA2CF00766C2F /* UIKit.framework */; };
		C94ADABA141AA2D000766C2F /* Foundation.framework in Frameworks */ = {isa = PBXBuildFile; fileRef = C94ADA8D141AA2CF00766C2F /* Foundation.framework */; };
		C94ADAC2141AA2D000766C2F /* InfoPlist.strings in Resources */ = {isa = PBXBuildFile; fileRef = C94ADAC0141AA2D000766C2F /* InfoPlist.strings */; };
		C94ADAC5141AA2D000766C2F /* RackspaceTests.m in Sources */ = {isa = PBXBuildFile; fileRef = C94ADAC4141AA2D000766C2F /* RackspaceTests.m */; };
		C94ADACF141AA3C600766C2F /* Localizations.strings in Resources */ = {isa = PBXBuildFile; fileRef = C94ADACE141AA3C600766C2F /* Localizations.strings */; };
		C96F08F9142A71660048BC2C /* CKBindingMap.m in Sources */ = {isa = PBXBuildFile; fileRef = C96F08CC142A71660048BC2C /* CKBindingMap.m */; };
		C96F08FA142A71660048BC2C /* CKBindingMap.m in Sources */ = {isa = PBXBuildFile; fileRef = C96F08CC142A71660048BC2C /* CKBindingMap.m */; };
		C96F08FB142A71660048BC2C /* CKBindings.m in Sources */ = {isa = PBXBuildFile; fileRef = C96F08CE142A71660048BC2C /* CKBindings.m */; };
		C96F08FC142A71660048BC2C /* CKBindings.m in Sources */ = {isa = PBXBuildFile; fileRef = C96F08CE142A71660048BC2C /* CKBindings.m */; };
		C96F08FD142A71660048BC2C /* CKCoreData.m in Sources */ = {isa = PBXBuildFile; fileRef = C96F08D1142A71660048BC2C /* CKCoreData.m */; };
		C96F08FE142A71660048BC2C /* CKCoreData.m in Sources */ = {isa = PBXBuildFile; fileRef = C96F08D1142A71660048BC2C /* CKCoreData.m */; };
		C96F08FF142A71660048BC2C /* CKManager.m in Sources */ = {isa = PBXBuildFile; fileRef = C96F08D4142A71660048BC2C /* CKManager.m */; };
		C96F0900142A71660048BC2C /* CKManager.m in Sources */ = {isa = PBXBuildFile; fileRef = C96F08D4142A71660048BC2C /* CKManager.m */; };
		C96F0901142A71660048BC2C /* CKNSJSONSerialization.m in Sources */ = {isa = PBXBuildFile; fileRef = C96F08D6142A71660048BC2C /* CKNSJSONSerialization.m */; };
		C96F0902142A71660048BC2C /* CKNSJSONSerialization.m in Sources */ = {isa = PBXBuildFile; fileRef = C96F08D6142A71660048BC2C /* CKNSJSONSerialization.m */; };
		C96F0903142A71660048BC2C /* CKNSURLConnection.m in Sources */ = {isa = PBXBuildFile; fileRef = C96F08D8142A71660048BC2C /* CKNSURLConnection.m */; };
		C96F0904142A71660048BC2C /* CKNSURLConnection.m in Sources */ = {isa = PBXBuildFile; fileRef = C96F08D8142A71660048BC2C /* CKNSURLConnection.m */; };
		C96F0905142A71660048BC2C /* CKRecord+CKBindings.m in Sources */ = {isa = PBXBuildFile; fileRef = C96F08DA142A71660048BC2C /* CKRecord+CKBindings.m */; };
		C96F0906142A71660048BC2C /* CKRecord+CKBindings.m in Sources */ = {isa = PBXBuildFile; fileRef = C96F08DA142A71660048BC2C /* CKRecord+CKBindings.m */; };
		C96F0907142A71660048BC2C /* CKRecord+CKRouter.m in Sources */ = {isa = PBXBuildFile; fileRef = C96F08DC142A71660048BC2C /* CKRecord+CKRouter.m */; };
		C96F0908142A71660048BC2C /* CKRecord+CKRouter.m in Sources */ = {isa = PBXBuildFile; fileRef = C96F08DC142A71660048BC2C /* CKRecord+CKRouter.m */; };
		C96F0909142A71660048BC2C /* CKRecord.m in Sources */ = {isa = PBXBuildFile; fileRef = C96F08DE142A71660048BC2C /* CKRecord.m */; };
		C96F090A142A71660048BC2C /* CKRecord.m in Sources */ = {isa = PBXBuildFile; fileRef = C96F08DE142A71660048BC2C /* CKRecord.m */; };
		C96F090B142A71660048BC2C /* CKRecordPrivate.m in Sources */ = {isa = PBXBuildFile; fileRef = C96F08E0142A71660048BC2C /* CKRecordPrivate.m */; };
		C96F090C142A71660048BC2C /* CKRecordPrivate.m in Sources */ = {isa = PBXBuildFile; fileRef = C96F08E0142A71660048BC2C /* CKRecordPrivate.m */; };
		C96F090D142A71660048BC2C /* CKRequest.m in Sources */ = {isa = PBXBuildFile; fileRef = C96F08E2142A71660048BC2C /* CKRequest.m */; };
		C96F090E142A71660048BC2C /* CKRequest.m in Sources */ = {isa = PBXBuildFile; fileRef = C96F08E2142A71660048BC2C /* CKRequest.m */; };
		C96F090F142A71660048BC2C /* CKResult.m in Sources */ = {isa = PBXBuildFile; fileRef = C96F08E4142A71660048BC2C /* CKResult.m */; };
		C96F0910142A71660048BC2C /* CKResult.m in Sources */ = {isa = PBXBuildFile; fileRef = C96F08E4142A71660048BC2C /* CKResult.m */; };
		C96F0911142A71660048BC2C /* CKRouter.m in Sources */ = {isa = PBXBuildFile; fileRef = C96F08E6142A71660048BC2C /* CKRouter.m */; };
		C96F0912142A71660048BC2C /* CKRouter.m in Sources */ = {isa = PBXBuildFile; fileRef = C96F08E6142A71660048BC2C /* CKRouter.m */; };
		C96F0913142A71660048BC2C /* CKRouterMap.m in Sources */ = {isa = PBXBuildFile; fileRef = C96F08E8142A71660048BC2C /* CKRouterMap.m */; };
		C96F0914142A71660048BC2C /* CKRouterMap.m in Sources */ = {isa = PBXBuildFile; fileRef = C96F08E8142A71660048BC2C /* CKRouterMap.m */; };
		C96F0915142A71660048BC2C /* CKSupport.m in Sources */ = {isa = PBXBuildFile; fileRef = C96F08EB142A71660048BC2C /* CKSupport.m */; };
		C96F0916142A71660048BC2C /* CKSupport.m in Sources */ = {isa = PBXBuildFile; fileRef = C96F08EB142A71660048BC2C /* CKSupport.m */; };
		C96F0917142A71660048BC2C /* CKTableViewDataSource.m in Sources */ = {isa = PBXBuildFile; fileRef = C96F08ED142A71660048BC2C /* CKTableViewDataSource.m */; };
		C96F0918142A71660048BC2C /* CKTableViewDataSource.m in Sources */ = {isa = PBXBuildFile; fileRef = C96F08ED142A71660048BC2C /* CKTableViewDataSource.m */; };
		C96F0919142A71660048BC2C /* CWInflector.mm in Sources */ = {isa = PBXBuildFile; fileRef = C96F08F1142A71660048BC2C /* CWInflector.mm */; };
		C96F091A142A71660048BC2C /* CWInflector.mm in Sources */ = {isa = PBXBuildFile; fileRef = C96F08F1142A71660048BC2C /* CWInflector.mm */; };
		C96F091B142A71660048BC2C /* inflections.plist in Resources */ = {isa = PBXBuildFile; fileRef = C96F08F2142A71660048BC2C /* inflections.plist */; };
		C96F091C142A71660048BC2C /* inflections.plist in Resources */ = {isa = PBXBuildFile; fileRef = C96F08F2142A71660048BC2C /* inflections.plist */; };
		C96F091D142A71660048BC2C /* NSDictionary+NSDictionary_KeyPath.m in Sources */ = {isa = PBXBuildFile; fileRef = C96F08F4142A71660048BC2C /* NSDictionary+NSDictionary_KeyPath.m */; };
		C96F091E142A71660048BC2C /* NSDictionary+NSDictionary_KeyPath.m in Sources */ = {isa = PBXBuildFile; fileRef = C96F08F4142A71660048BC2C /* NSDictionary+NSDictionary_KeyPath.m */; };
		C96F091F142A71660048BC2C /* NSString+InflectionSupport.m in Sources */ = {isa = PBXBuildFile; fileRef = C96F08F6142A71660048BC2C /* NSString+InflectionSupport.m */; };
		C96F0920142A71660048BC2C /* NSString+InflectionSupport.m in Sources */ = {isa = PBXBuildFile; fileRef = C96F08F6142A71660048BC2C /* NSString+InflectionSupport.m */; };
		C96F0921142A71660048BC2C /* Reachability.m in Sources */ = {isa = PBXBuildFile; fileRef = C96F08F8142A71660048BC2C /* Reachability.m */; };
		C96F0922142A71660048BC2C /* Reachability.m in Sources */ = {isa = PBXBuildFile; fileRef = C96F08F8142A71660048BC2C /* Reachability.m */; };
		C96F0927142A716F0048BC2C /* CoreSupport.m in Sources */ = {isa = PBXBuildFile; fileRef = C96F0926142A716F0048BC2C /* CoreSupport.m */; };
		C96F0928142A716F0048BC2C /* CoreSupport.m in Sources */ = {isa = PBXBuildFile; fileRef = C96F0926142A716F0048BC2C /* CoreSupport.m */; };
		C96F092A142A71850048BC2C /* CoreData.framework in Frameworks */ = {isa = PBXBuildFile; fileRef = C96F0929142A71850048BC2C /* CoreData.framework */; };
		C96F092C142A718D0048BC2C /* SystemConfiguration.framework in Frameworks */ = {isa = PBXBuildFile; fileRef = C96F092B142A718D0048BC2C /* SystemConfiguration.framework */; };
		C96F0963142A72210048BC2C /* _RSAccount.m in Sources */ = {isa = PBXBuildFile; fileRef = C96F0934142A72210048BC2C /* _RSAccount.m */; };
		C96F0964142A72210048BC2C /* _RSAccount.m in Sources */ = {isa = PBXBuildFile; fileRef = C96F0934142A72210048BC2C /* _RSAccount.m */; };
		C96F0965142A72210048BC2C /* _RSFlavor.m in Sources */ = {isa = PBXBuildFile; fileRef = C96F0936142A72210048BC2C /* _RSFlavor.m */; };
		C96F0966142A72210048BC2C /* _RSFlavor.m in Sources */ = {isa = PBXBuildFile; fileRef = C96F0936142A72210048BC2C /* _RSFlavor.m */; };
		C96F0967142A72210048BC2C /* _RSImage.m in Sources */ = {isa = PBXBuildFile; fileRef = C96F0938142A72210048BC2C /* _RSImage.m */; };
		C96F0968142A72210048BC2C /* _RSImage.m in Sources */ = {isa = PBXBuildFile; fileRef = C96F0938142A72210048BC2C /* _RSImage.m */; };
		C96F0969142A72210048BC2C /* _RSLoadBalancer.m in Sources */ = {isa = PBXBuildFile; fileRef = C96F093A142A72210048BC2C /* _RSLoadBalancer.m */; };
		C96F096A142A72210048BC2C /* _RSLoadBalancer.m in Sources */ = {isa = PBXBuildFile; fileRef = C96F093A142A72210048BC2C /* _RSLoadBalancer.m */; };
		C96F096B142A72210048BC2C /* _RSNode.m in Sources */ = {isa = PBXBuildFile; fileRef = C96F093C142A72210048BC2C /* _RSNode.m */; };
		C96F096C142A72210048BC2C /* _RSNode.m in Sources */ = {isa = PBXBuildFile; fileRef = C96F093C142A72210048BC2C /* _RSNode.m */; };
		C96F096D142A72210048BC2C /* _RSProvider.m in Sources */ = {isa = PBXBuildFile; fileRef = C96F093E142A72210048BC2C /* _RSProvider.m */; };
		C96F096E142A72210048BC2C /* _RSProvider.m in Sources */ = {isa = PBXBuildFile; fileRef = C96F093E142A72210048BC2C /* _RSProvider.m */; };
		C96F096F142A72210048BC2C /* _RSServer.m in Sources */ = {isa = PBXBuildFile; fileRef = C96F0940142A72210048BC2C /* _RSServer.m */; };
		C96F0970142A72210048BC2C /* _RSServer.m in Sources */ = {isa = PBXBuildFile; fileRef = C96F0940142A72210048BC2C /* _RSServer.m */; };
		C96F0971142A72210048BC2C /* _RSServerAddress.m in Sources */ = {isa = PBXBuildFile; fileRef = C96F0942142A72210048BC2C /* _RSServerAddress.m */; };
		C96F0972142A72210048BC2C /* _RSServerAddress.m in Sources */ = {isa = PBXBuildFile; fileRef = C96F0942142A72210048BC2C /* _RSServerAddress.m */; };
		C96F0973142A72210048BC2C /* _RSServerBackupSchedule.m in Sources */ = {isa = PBXBuildFile; fileRef = C96F0944142A72210048BC2C /* _RSServerBackupSchedule.m */; };
		C96F0974142A72210048BC2C /* _RSServerBackupSchedule.m in Sources */ = {isa = PBXBuildFile; fileRef = C96F0944142A72210048BC2C /* _RSServerBackupSchedule.m */; };
		C96F0975142A72210048BC2C /* _RSServerMetaData.m in Sources */ = {isa = PBXBuildFile; fileRef = C96F0946142A72210048BC2C /* _RSServerMetaData.m */; };
		C96F0976142A72210048BC2C /* _RSServerMetaData.m in Sources */ = {isa = PBXBuildFile; fileRef = C96F0946142A72210048BC2C /* _RSServerMetaData.m */; };
		C96F0977142A72210048BC2C /* _RSSharedIPGroup.m in Sources */ = {isa = PBXBuildFile; fileRef = C96F0948142A72210048BC2C /* _RSSharedIPGroup.m */; };
		C96F0978142A72210048BC2C /* _RSSharedIPGroup.m in Sources */ = {isa = PBXBuildFile; fileRef = C96F0948142A72210048BC2C /* _RSSharedIPGroup.m */; };
		C96F0979142A72210048BC2C /* _RSVirtualIP.m in Sources */ = {isa = PBXBuildFile; fileRef = C96F094A142A72210048BC2C /* _RSVirtualIP.m */; };
		C96F097A142A72210048BC2C /* _RSVirtualIP.m in Sources */ = {isa = PBXBuildFile; fileRef = C96F094A142A72210048BC2C /* _RSVirtualIP.m */; };
		C96F097B142A72210048BC2C /* RSAccount.m in Sources */ = {isa = PBXBuildFile; fileRef = C96F094C142A72210048BC2C /* RSAccount.m */; };
		C96F097C142A72210048BC2C /* RSAccount.m in Sources */ = {isa = PBXBuildFile; fileRef = C96F094C142A72210048BC2C /* RSAccount.m */; };
		C96F097D142A72210048BC2C /* RSFlavor.m in Sources */ = {isa = PBXBuildFile; fileRef = C96F094E142A72210048BC2C /* RSFlavor.m */; };
		C96F097E142A72210048BC2C /* RSFlavor.m in Sources */ = {isa = PBXBuildFile; fileRef = C96F094E142A72210048BC2C /* RSFlavor.m */; };
		C96F097F142A72210048BC2C /* RSImage.m in Sources */ = {isa = PBXBuildFile; fileRef = C96F0950142A72210048BC2C /* RSImage.m */; };
		C96F0980142A72210048BC2C /* RSImage.m in Sources */ = {isa = PBXBuildFile; fileRef = C96F0950142A72210048BC2C /* RSImage.m */; };
		C96F0981142A72210048BC2C /* RSLoadBalancer.m in Sources */ = {isa = PBXBuildFile; fileRef = C96F0952142A72210048BC2C /* RSLoadBalancer.m */; };
		C96F0982142A72210048BC2C /* RSLoadBalancer.m in Sources */ = {isa = PBXBuildFile; fileRef = C96F0952142A72210048BC2C /* RSLoadBalancer.m */; };
		C96F0983142A72210048BC2C /* RSNode.m in Sources */ = {isa = PBXBuildFile; fileRef = C96F0954142A72210048BC2C /* RSNode.m */; };
		C96F0984142A72210048BC2C /* RSNode.m in Sources */ = {isa = PBXBuildFile; fileRef = C96F0954142A72210048BC2C /* RSNode.m */; };
		C96F0985142A72210048BC2C /* RSProvider.m in Sources */ = {isa = PBXBuildFile; fileRef = C96F0956142A72210048BC2C /* RSProvider.m */; };
		C96F0986142A72210048BC2C /* RSProvider.m in Sources */ = {isa = PBXBuildFile; fileRef = C96F0956142A72210048BC2C /* RSProvider.m */; };
		C96F0987142A72210048BC2C /* RSServer.m in Sources */ = {isa = PBXBuildFile; fileRef = C96F0958142A72210048BC2C /* RSServer.m */; };
		C96F0988142A72210048BC2C /* RSServer.m in Sources */ = {isa = PBXBuildFile; fileRef = C96F0958142A72210048BC2C /* RSServer.m */; };
		C96F0989142A72210048BC2C /* RSServerAddress.m in Sources */ = {isa = PBXBuildFile; fileRef = C96F095A142A72210048BC2C /* RSServerAddress.m */; };
		C96F098A142A72210048BC2C /* RSServerAddress.m in Sources */ = {isa = PBXBuildFile; fileRef = C96F095A142A72210048BC2C /* RSServerAddress.m */; };
		C96F098B142A72210048BC2C /* RSServerBackupSchedule.m in Sources */ = {isa = PBXBuildFile; fileRef = C96F095C142A72210048BC2C /* RSServerBackupSchedule.m */; };
		C96F098C142A72210048BC2C /* RSServerBackupSchedule.m in Sources */ = {isa = PBXBuildFile; fileRef = C96F095C142A72210048BC2C /* RSServerBackupSchedule.m */; };
		C96F098D142A72210048BC2C /* RSServerMetaData.m in Sources */ = {isa = PBXBuildFile; fileRef = C96F095E142A72210048BC2C /* RSServerMetaData.m */; };
		C96F098E142A72210048BC2C /* RSServerMetaData.m in Sources */ = {isa = PBXBuildFile; fileRef = C96F095E142A72210048BC2C /* RSServerMetaData.m */; };
		C96F098F142A72210048BC2C /* RSSharedIPGroup.m in Sources */ = {isa = PBXBuildFile; fileRef = C96F0960142A72210048BC2C /* RSSharedIPGroup.m */; };
		C96F0990142A72210048BC2C /* RSSharedIPGroup.m in Sources */ = {isa = PBXBuildFile; fileRef = C96F0960142A72210048BC2C /* RSSharedIPGroup.m */; };
		C96F0991142A72210048BC2C /* RSVirtualIP.m in Sources */ = {isa = PBXBuildFile; fileRef = C96F0962142A72210048BC2C /* RSVirtualIP.m */; };
		C96F0992142A72210048BC2C /* RSVirtualIP.m in Sources */ = {isa = PBXBuildFile; fileRef = C96F0962142A72210048BC2C /* RSVirtualIP.m */; };
		C96F0995142A724C0048BC2C /* Rackspace.xcdatamodel in Sources */ = {isa = PBXBuildFile; fileRef = C96F0994142A724C0048BC2C /* Rackspace.xcdatamodel */; };
		C96F0996142A724C0048BC2C /* Rackspace.xcdatamodel in Sources */ = {isa = PBXBuildFile; fileRef = C96F0994142A724C0048BC2C /* Rackspace.xcdatamodel */; };
		C96F099B142A72AB0048BC2C /* RSFileConnection.m in Sources */ = {isa = PBXBuildFile; fileRef = C96F0998142A72AB0048BC2C /* RSFileConnection.m */; };
		C96F099C142A72AB0048BC2C /* RSFileConnection.m in Sources */ = {isa = PBXBuildFile; fileRef = C96F0998142A72AB0048BC2C /* RSFileConnection.m */; };
		C96F099D142A72AB0048BC2C /* RSNSURLConnection.m in Sources */ = {isa = PBXBuildFile; fileRef = C96F099A142A72AB0048BC2C /* RSNSURLConnection.m */; };
		C96F099E142A72AB0048BC2C /* RSNSURLConnection.m in Sources */ = {isa = PBXBuildFile; fileRef = C96F099A142A72AB0048BC2C /* RSNSURLConnection.m */; };
		C9E0AB35142A782900EA595C /* SystemConfiguration.framework in Frameworks */ = {isa = PBXBuildFile; fileRef = C96F092B142A718D0048BC2C /* SystemConfiguration.framework */; };
		C9E0AB36142A782900EA595C /* CoreData.framework in Frameworks */ = {isa = PBXBuildFile; fileRef = C96F0929142A71850048BC2C /* CoreData.framework */; };
		C9E0AB40142B8BCB00EA595C /* fixtures in Resources */ = {isa = PBXBuildFile; fileRef = C9E0AB3F142B8BCB00EA595C /* fixtures */; };
/* End PBXBuildFile section */

/* Begin PBXContainerItemProxy section */
		C94ADABB141AA2D000766C2F /* PBXContainerItemProxy */ = {
			isa = PBXContainerItemProxy;
			containerPortal = C94ADA7E141AA2CF00766C2F /* Project object */;
			proxyType = 1;
			remoteGlobalIDString = C94ADA86141AA2CF00766C2F;
			remoteInfo = Rackspace;
		};
/* End PBXContainerItemProxy section */

/* Begin PBXFileReference section */
		C94ADA87141AA2CF00766C2F /* Rackspace.app */ = {isa = PBXFileReference; explicitFileType = wrapper.application; includeInIndex = 0; path = Rackspace.app; sourceTree = BUILT_PRODUCTS_DIR; };
		C94ADA8B141AA2CF00766C2F /* UIKit.framework */ = {isa = PBXFileReference; lastKnownFileType = wrapper.framework; name = UIKit.framework; path = System/Library/Frameworks/UIKit.framework; sourceTree = SDKROOT; };
		C94ADA8D141AA2CF00766C2F /* Foundation.framework */ = {isa = PBXFileReference; lastKnownFileType = wrapper.framework; name = Foundation.framework; path = System/Library/Frameworks/Foundation.framework; sourceTree = SDKROOT; };
		C94ADA8F141AA2CF00766C2F /* CoreGraphics.framework */ = {isa = PBXFileReference; lastKnownFileType = wrapper.framework; name = CoreGraphics.framework; path = System/Library/Frameworks/CoreGraphics.framework; sourceTree = SDKROOT; };
		C94ADA93141AA2CF00766C2F /* Rackspace-Info.plist */ = {isa = PBXFileReference; lastKnownFileType = text.plist.xml; path = "Rackspace-Info.plist"; sourceTree = "<group>"; };
		C94ADA95141AA2CF00766C2F /* en */ = {isa = PBXFileReference; lastKnownFileType = text.plist.strings; name = en; path = en.lproj/InfoPlist.strings; sourceTree = "<group>"; };
		C94ADA97141AA2CF00766C2F /* main.m */ = {isa = PBXFileReference; lastKnownFileType = sourcecode.c.objc; path = main.m; sourceTree = "<group>"; };
		C94ADA99141AA2CF00766C2F /* Rackspace-Prefix.pch */ = {isa = PBXFileReference; lastKnownFileType = sourcecode.c.h; path = "Rackspace-Prefix.pch"; sourceTree = "<group>"; };
		C94ADA9A141AA2CF00766C2F /* AppDelegate.h */ = {isa = PBXFileReference; lastKnownFileType = sourcecode.c.h; path = AppDelegate.h; sourceTree = "<group>"; };
		C94ADA9B141AA2CF00766C2F /* AppDelegate.m */ = {isa = PBXFileReference; lastKnownFileType = sourcecode.c.objc; path = AppDelegate.m; sourceTree = "<group>"; };
		C94ADA9E141AA2CF00766C2F /* en */ = {isa = PBXFileReference; lastKnownFileType = file.storyboard; name = en; path = en.lproj/MainStoryboard_iPhone.storyboard; sourceTree = "<group>"; };
		C94ADAA1141AA2CF00766C2F /* en */ = {isa = PBXFileReference; lastKnownFileType = file.storyboard; name = en; path = en.lproj/MainStoryboard_iPad.storyboard; sourceTree = "<group>"; };
		C94ADAA3141AA2CF00766C2F /* FirstViewController.h */ = {isa = PBXFileReference; lastKnownFileType = sourcecode.c.h; path = FirstViewController.h; sourceTree = "<group>"; };
		C94ADAA4141AA2CF00766C2F /* FirstViewController.m */ = {isa = PBXFileReference; lastKnownFileType = sourcecode.c.objc; path = FirstViewController.m; sourceTree = "<group>"; };
		C94ADAA6141AA2CF00766C2F /* first.png */ = {isa = PBXFileReference; lastKnownFileType = image.png; path = first.png; sourceTree = "<group>"; };
		C94ADAA8141AA2CF00766C2F /* first@2x.png */ = {isa = PBXFileReference; lastKnownFileType = image.png; path = "first@2x.png"; sourceTree = "<group>"; };
		C94ADAAA141AA2CF00766C2F /* SecondViewController.h */ = {isa = PBXFileReference; lastKnownFileType = sourcecode.c.h; path = SecondViewController.h; sourceTree = "<group>"; };
		C94ADAAB141AA2CF00766C2F /* SecondViewController.m */ = {isa = PBXFileReference; lastKnownFileType = sourcecode.c.objc; path = SecondViewController.m; sourceTree = "<group>"; };
		C94ADAAD141AA2CF00766C2F /* second.png */ = {isa = PBXFileReference; lastKnownFileType = image.png; path = second.png; sourceTree = "<group>"; };
		C94ADAAF141AA2CF00766C2F /* second@2x.png */ = {isa = PBXFileReference; lastKnownFileType = image.png; path = "second@2x.png"; sourceTree = "<group>"; };
		C94ADAB6141AA2D000766C2F /* RackspaceTests.octest */ = {isa = PBXFileReference; explicitFileType = wrapper.cfbundle; includeInIndex = 0; path = RackspaceTests.octest; sourceTree = BUILT_PRODUCTS_DIR; };
		C94ADAB7141AA2D000766C2F /* SenTestingKit.framework */ = {isa = PBXFileReference; lastKnownFileType = wrapper.framework; name = SenTestingKit.framework; path = Library/Frameworks/SenTestingKit.framework; sourceTree = DEVELOPER_DIR; };
		C94ADABF141AA2D000766C2F /* RackspaceTests-Info.plist */ = {isa = PBXFileReference; lastKnownFileType = text.plist.xml; path = "RackspaceTests-Info.plist"; sourceTree = "<group>"; };
		C94ADAC1141AA2D000766C2F /* en */ = {isa = PBXFileReference; lastKnownFileType = text.plist.strings; name = en; path = en.lproj/InfoPlist.strings; sourceTree = "<group>"; };
		C94ADAC3141AA2D000766C2F /* RackspaceTests.h */ = {isa = PBXFileReference; lastKnownFileType = sourcecode.c.h; path = RackspaceTests.h; sourceTree = "<group>"; };
		C94ADAC4141AA2D000766C2F /* RackspaceTests.m */ = {isa = PBXFileReference; lastKnownFileType = sourcecode.c.objc; path = RackspaceTests.m; sourceTree = "<group>"; };
		C94ADACE141AA3C600766C2F /* Localizations.strings */ = {isa = PBXFileReference; fileEncoding = 4; lastKnownFileType = text.plist.strings; path = Localizations.strings; sourceTree = "<group>"; };
		C96F08CB142A71660048BC2C /* CKBindingMap.h */ = {isa = PBXFileReference; fileEncoding = 4; lastKnownFileType = sourcecode.c.h; path = CKBindingMap.h; sourceTree = "<group>"; };
		C96F08CC142A71660048BC2C /* CKBindingMap.m */ = {isa = PBXFileReference; fileEncoding = 4; lastKnownFileType = sourcecode.c.objc; path = CKBindingMap.m; sourceTree = "<group>"; };
		C96F08CD142A71660048BC2C /* CKBindings.h */ = {isa = PBXFileReference; fileEncoding = 4; lastKnownFileType = sourcecode.c.h; path = CKBindings.h; sourceTree = "<group>"; };
		C96F08CE142A71660048BC2C /* CKBindings.m */ = {isa = PBXFileReference; fileEncoding = 4; lastKnownFileType = sourcecode.c.objc; path = CKBindings.m; sourceTree = "<group>"; };
		C96F08CF142A71660048BC2C /* CKConnection.h */ = {isa = PBXFileReference; fileEncoding = 4; lastKnownFileType = sourcecode.c.h; path = CKConnection.h; sourceTree = "<group>"; };
		C96F08D0142A71660048BC2C /* CKCoreData.h */ = {isa = PBXFileReference; fileEncoding = 4; lastKnownFileType = sourcecode.c.h; path = CKCoreData.h; sourceTree = "<group>"; };
		C96F08D1142A71660048BC2C /* CKCoreData.m */ = {isa = PBXFileReference; fileEncoding = 4; lastKnownFileType = sourcecode.c.objc; path = CKCoreData.m; sourceTree = "<group>"; };
		C96F08D2142A71660048BC2C /* CKDefines.h */ = {isa = PBXFileReference; fileEncoding = 4; lastKnownFileType = sourcecode.c.h; path = CKDefines.h; sourceTree = "<group>"; };
		C96F08D3142A71660048BC2C /* CKManager.h */ = {isa = PBXFileReference; fileEncoding = 4; lastKnownFileType = sourcecode.c.h; path = CKManager.h; sourceTree = "<group>"; };
		C96F08D4142A71660048BC2C /* CKManager.m */ = {isa = PBXFileReference; fileEncoding = 4; lastKnownFileType = sourcecode.c.objc; path = CKManager.m; sourceTree = "<group>"; };
		C96F08D5142A71660048BC2C /* CKNSJSONSerialization.h */ = {isa = PBXFileReference; fileEncoding = 4; lastKnownFileType = sourcecode.c.h; path = CKNSJSONSerialization.h; sourceTree = "<group>"; };
		C96F08D6142A71660048BC2C /* CKNSJSONSerialization.m */ = {isa = PBXFileReference; fileEncoding = 4; lastKnownFileType = sourcecode.c.objc; path = CKNSJSONSerialization.m; sourceTree = "<group>"; };
		C96F08D7142A71660048BC2C /* CKNSURLConnection.h */ = {isa = PBXFileReference; fileEncoding = 4; lastKnownFileType = sourcecode.c.h; path = CKNSURLConnection.h; sourceTree = "<group>"; };
		C96F08D8142A71660048BC2C /* CKNSURLConnection.m */ = {isa = PBXFileReference; fileEncoding = 4; lastKnownFileType = sourcecode.c.objc; path = CKNSURLConnection.m; sourceTree = "<group>"; };
		C96F08D9142A71660048BC2C /* CKRecord+CKBindings.h */ = {isa = PBXFileReference; fileEncoding = 4; lastKnownFileType = sourcecode.c.h; path = "CKRecord+CKBindings.h"; sourceTree = "<group>"; };
		C96F08DA142A71660048BC2C /* CKRecord+CKBindings.m */ = {isa = PBXFileReference; fileEncoding = 4; lastKnownFileType = sourcecode.c.objc; path = "CKRecord+CKBindings.m"; sourceTree = "<group>"; };
		C96F08DB142A71660048BC2C /* CKRecord+CKRouter.h */ = {isa = PBXFileReference; fileEncoding = 4; lastKnownFileType = sourcecode.c.h; path = "CKRecord+CKRouter.h"; sourceTree = "<group>"; };
		C96F08DC142A71660048BC2C /* CKRecord+CKRouter.m */ = {isa = PBXFileReference; fileEncoding = 4; lastKnownFileType = sourcecode.c.objc; path = "CKRecord+CKRouter.m"; sourceTree = "<group>"; };
		C96F08DD142A71660048BC2C /* CKRecord.h */ = {isa = PBXFileReference; fileEncoding = 4; lastKnownFileType = sourcecode.c.h; path = CKRecord.h; sourceTree = "<group>"; };
		C96F08DE142A71660048BC2C /* CKRecord.m */ = {isa = PBXFileReference; fileEncoding = 4; lastKnownFileType = sourcecode.c.objc; path = CKRecord.m; sourceTree = "<group>"; };
		C96F08DF142A71660048BC2C /* CKRecordPrivate.h */ = {isa = PBXFileReference; fileEncoding = 4; lastKnownFileType = sourcecode.c.h; path = CKRecordPrivate.h; sourceTree = "<group>"; };
		C96F08E0142A71660048BC2C /* CKRecordPrivate.m */ = {isa = PBXFileReference; fileEncoding = 4; lastKnownFileType = sourcecode.c.objc; path = CKRecordPrivate.m; sourceTree = "<group>"; };
		C96F08E1142A71660048BC2C /* CKRequest.h */ = {isa = PBXFileReference; fileEncoding = 4; lastKnownFileType = sourcecode.c.h; path = CKRequest.h; sourceTree = "<group>"; };
		C96F08E2142A71660048BC2C /* CKRequest.m */ = {isa = PBXFileReference; fileEncoding = 4; lastKnownFileType = sourcecode.c.objc; path = CKRequest.m; sourceTree = "<group>"; };
		C96F08E3142A71660048BC2C /* CKResult.h */ = {isa = PBXFileReference; fileEncoding = 4; lastKnownFileType = sourcecode.c.h; path = CKResult.h; sourceTree = "<group>"; };
		C96F08E4142A71660048BC2C /* CKResult.m */ = {isa = PBXFileReference; fileEncoding = 4; lastKnownFileType = sourcecode.c.objc; path = CKResult.m; sourceTree = "<group>"; };
		C96F08E5142A71660048BC2C /* CKRouter.h */ = {isa = PBXFileReference; fileEncoding = 4; lastKnownFileType = sourcecode.c.h; path = CKRouter.h; sourceTree = "<group>"; };
		C96F08E6142A71660048BC2C /* CKRouter.m */ = {isa = PBXFileReference; fileEncoding = 4; lastKnownFileType = sourcecode.c.objc; path = CKRouter.m; sourceTree = "<group>"; };
		C96F08E7142A71660048BC2C /* CKRouterMap.h */ = {isa = PBXFileReference; fileEncoding = 4; lastKnownFileType = sourcecode.c.h; path = CKRouterMap.h; sourceTree = "<group>"; };
		C96F08E8142A71660048BC2C /* CKRouterMap.m */ = {isa = PBXFileReference; fileEncoding = 4; lastKnownFileType = sourcecode.c.objc; path = CKRouterMap.m; sourceTree = "<group>"; };
		C96F08E9142A71660048BC2C /* CKSerialization.h */ = {isa = PBXFileReference; fileEncoding = 4; lastKnownFileType = sourcecode.c.h; path = CKSerialization.h; sourceTree = "<group>"; };
		C96F08EA142A71660048BC2C /* CKSupport.h */ = {isa = PBXFileReference; fileEncoding = 4; lastKnownFileType = sourcecode.c.h; path = CKSupport.h; sourceTree = "<group>"; };
		C96F08EB142A71660048BC2C /* CKSupport.m */ = {isa = PBXFileReference; fileEncoding = 4; lastKnownFileType = sourcecode.c.objc; path = CKSupport.m; sourceTree = "<group>"; };
		C96F08EC142A71660048BC2C /* CKTableViewDataSource.h */ = {isa = PBXFileReference; fileEncoding = 4; lastKnownFileType = sourcecode.c.h; path = CKTableViewDataSource.h; sourceTree = "<group>"; };
		C96F08ED142A71660048BC2C /* CKTableViewDataSource.m */ = {isa = PBXFileReference; fileEncoding = 4; lastKnownFileType = sourcecode.c.objc; path = CKTableViewDataSource.m; sourceTree = "<group>"; };
		C96F08EE142A71660048BC2C /* CoreKit-Prefix.pch */ = {isa = PBXFileReference; fileEncoding = 4; lastKnownFileType = sourcecode.c.h; path = "CoreKit-Prefix.pch"; sourceTree = "<group>"; };
		C96F08EF142A71660048BC2C /* CoreKit.h */ = {isa = PBXFileReference; fileEncoding = 4; lastKnownFileType = sourcecode.c.h; path = CoreKit.h; sourceTree = "<group>"; };
		C96F08F0142A71660048BC2C /* CWInflector.h */ = {isa = PBXFileReference; fileEncoding = 4; lastKnownFileType = sourcecode.c.h; path = CWInflector.h; sourceTree = "<group>"; };
		C96F08F1142A71660048BC2C /* CWInflector.mm */ = {isa = PBXFileReference; fileEncoding = 4; lastKnownFileType = sourcecode.cpp.objcpp; path = CWInflector.mm; sourceTree = "<group>"; };
		C96F08F2142A71660048BC2C /* inflections.plist */ = {isa = PBXFileReference; lastKnownFileType = text.plist; path = inflections.plist; sourceTree = "<group>"; };
		C96F08F3142A71660048BC2C /* NSDictionary+NSDictionary_KeyPath.h */ = {isa = PBXFileReference; fileEncoding = 4; lastKnownFileType = sourcecode.c.h; path = "NSDictionary+NSDictionary_KeyPath.h"; sourceTree = "<group>"; };
		C96F08F4142A71660048BC2C /* NSDictionary+NSDictionary_KeyPath.m */ = {isa = PBXFileReference; fileEncoding = 4; lastKnownFileType = sourcecode.c.objc; path = "NSDictionary+NSDictionary_KeyPath.m"; sourceTree = "<group>"; };
		C96F08F5142A71660048BC2C /* NSString+InflectionSupport.h */ = {isa = PBXFileReference; fileEncoding = 4; lastKnownFileType = sourcecode.c.h; path = "NSString+InflectionSupport.h"; sourceTree = "<group>"; };
		C96F08F6142A71660048BC2C /* NSString+InflectionSupport.m */ = {isa = PBXFileReference; fileEncoding = 4; lastKnownFileType = sourcecode.c.objc; path = "NSString+InflectionSupport.m"; sourceTree = "<group>"; };
		C96F08F7142A71660048BC2C /* Reachability.h */ = {isa = PBXFileReference; fileEncoding = 4; lastKnownFileType = sourcecode.c.h; path = Reachability.h; sourceTree = "<group>"; };
		C96F08F8142A71660048BC2C /* Reachability.m */ = {isa = PBXFileReference; fileEncoding = 4; lastKnownFileType = sourcecode.c.objc; path = Reachability.m; sourceTree = "<group>"; };
		C96F0924142A716F0048BC2C /* CoreSupport-Prefix.pch */ = {isa = PBXFileReference; fileEncoding = 4; lastKnownFileType = sourcecode.c.h; path = "CoreSupport-Prefix.pch"; sourceTree = "<group>"; };
		C96F0925142A716F0048BC2C /* CoreSupport.h */ = {isa = PBXFileReference; fileEncoding = 4; lastKnownFileType = sourcecode.c.h; path = CoreSupport.h; sourceTree = "<group>"; };
		C96F0926142A716F0048BC2C /* CoreSupport.m */ = {isa = PBXFileReference; fileEncoding = 4; lastKnownFileType = sourcecode.c.objc; path = CoreSupport.m; sourceTree = "<group>"; };
		C96F0929142A71850048BC2C /* CoreData.framework */ = {isa = PBXFileReference; lastKnownFileType = wrapper.framework; name = CoreData.framework; path = System/Library/Frameworks/CoreData.framework; sourceTree = SDKROOT; };
		C96F092B142A718D0048BC2C /* SystemConfiguration.framework */ = {isa = PBXFileReference; lastKnownFileType = wrapper.framework; name = SystemConfiguration.framework; path = System/Library/Frameworks/SystemConfiguration.framework; sourceTree = SDKROOT; };
		C96F0933142A72210048BC2C /* _RSAccount.h */ = {isa = PBXFileReference; fileEncoding = 4; lastKnownFileType = sourcecode.c.h; path = _RSAccount.h; sourceTree = "<group>"; };
		C96F0934142A72210048BC2C /* _RSAccount.m */ = {isa = PBXFileReference; fileEncoding = 4; lastKnownFileType = sourcecode.c.objc; path = _RSAccount.m; sourceTree = "<group>"; };
		C96F0935142A72210048BC2C /* _RSFlavor.h */ = {isa = PBXFileReference; fileEncoding = 4; lastKnownFileType = sourcecode.c.h; path = _RSFlavor.h; sourceTree = "<group>"; };
		C96F0936142A72210048BC2C /* _RSFlavor.m */ = {isa = PBXFileReference; fileEncoding = 4; lastKnownFileType = sourcecode.c.objc; path = _RSFlavor.m; sourceTree = "<group>"; };
		C96F0937142A72210048BC2C /* _RSImage.h */ = {isa = PBXFileReference; fileEncoding = 4; lastKnownFileType = sourcecode.c.h; path = _RSImage.h; sourceTree = "<group>"; };
		C96F0938142A72210048BC2C /* _RSImage.m */ = {isa = PBXFileReference; fileEncoding = 4; lastKnownFileType = sourcecode.c.objc; path = _RSImage.m; sourceTree = "<group>"; };
		C96F0939142A72210048BC2C /* _RSLoadBalancer.h */ = {isa = PBXFileReference; fileEncoding = 4; lastKnownFileType = sourcecode.c.h; path = _RSLoadBalancer.h; sourceTree = "<group>"; };
		C96F093A142A72210048BC2C /* _RSLoadBalancer.m */ = {isa = PBXFileReference; fileEncoding = 4; lastKnownFileType = sourcecode.c.objc; path = _RSLoadBalancer.m; sourceTree = "<group>"; };
		C96F093B142A72210048BC2C /* _RSNode.h */ = {isa = PBXFileReference; fileEncoding = 4; lastKnownFileType = sourcecode.c.h; path = _RSNode.h; sourceTree = "<group>"; };
		C96F093C142A72210048BC2C /* _RSNode.m */ = {isa = PBXFileReference; fileEncoding = 4; lastKnownFileType = sourcecode.c.objc; path = _RSNode.m; sourceTree = "<group>"; };
		C96F093D142A72210048BC2C /* _RSProvider.h */ = {isa = PBXFileReference; fileEncoding = 4; lastKnownFileType = sourcecode.c.h; path = _RSProvider.h; sourceTree = "<group>"; };
		C96F093E142A72210048BC2C /* _RSProvider.m */ = {isa = PBXFileReference; fileEncoding = 4; lastKnownFileType = sourcecode.c.objc; path = _RSProvider.m; sourceTree = "<group>"; };
		C96F093F142A72210048BC2C /* _RSServer.h */ = {isa = PBXFileReference; fileEncoding = 4; lastKnownFileType = sourcecode.c.h; path = _RSServer.h; sourceTree = "<group>"; };
		C96F0940142A72210048BC2C /* _RSServer.m */ = {isa = PBXFileReference; fileEncoding = 4; lastKnownFileType = sourcecode.c.objc; path = _RSServer.m; sourceTree = "<group>"; };
		C96F0941142A72210048BC2C /* _RSServerAddress.h */ = {isa = PBXFileReference; fileEncoding = 4; lastKnownFileType = sourcecode.c.h; path = _RSServerAddress.h; sourceTree = "<group>"; };
		C96F0942142A72210048BC2C /* _RSServerAddress.m */ = {isa = PBXFileReference; fileEncoding = 4; lastKnownFileType = sourcecode.c.objc; path = _RSServerAddress.m; sourceTree = "<group>"; };
		C96F0943142A72210048BC2C /* _RSServerBackupSchedule.h */ = {isa = PBXFileReference; fileEncoding = 4; lastKnownFileType = sourcecode.c.h; path = _RSServerBackupSchedule.h; sourceTree = "<group>"; };
		C96F0944142A72210048BC2C /* _RSServerBackupSchedule.m */ = {isa = PBXFileReference; fileEncoding = 4; lastKnownFileType = sourcecode.c.objc; path = _RSServerBackupSchedule.m; sourceTree = "<group>"; };
		C96F0945142A72210048BC2C /* _RSServerMetaData.h */ = {isa = PBXFileReference; fileEncoding = 4; lastKnownFileType = sourcecode.c.h; path = _RSServerMetaData.h; sourceTree = "<group>"; };
		C96F0946142A72210048BC2C /* _RSServerMetaData.m */ = {isa = PBXFileReference; fileEncoding = 4; lastKnownFileType = sourcecode.c.objc; path = _RSServerMetaData.m; sourceTree = "<group>"; };
		C96F0947142A72210048BC2C /* _RSSharedIPGroup.h */ = {isa = PBXFileReference; fileEncoding = 4; lastKnownFileType = sourcecode.c.h; path = _RSSharedIPGroup.h; sourceTree = "<group>"; };
		C96F0948142A72210048BC2C /* _RSSharedIPGroup.m */ = {isa = PBXFileReference; fileEncoding = 4; lastKnownFileType = sourcecode.c.objc; path = _RSSharedIPGroup.m; sourceTree = "<group>"; };
		C96F0949142A72210048BC2C /* _RSVirtualIP.h */ = {isa = PBXFileReference; fileEncoding = 4; lastKnownFileType = sourcecode.c.h; path = _RSVirtualIP.h; sourceTree = "<group>"; };
		C96F094A142A72210048BC2C /* _RSVirtualIP.m */ = {isa = PBXFileReference; fileEncoding = 4; lastKnownFileType = sourcecode.c.objc; path = _RSVirtualIP.m; sourceTree = "<group>"; };
		C96F094B142A72210048BC2C /* RSAccount.h */ = {isa = PBXFileReference; fileEncoding = 4; lastKnownFileType = sourcecode.c.h; path = RSAccount.h; sourceTree = "<group>"; };
		C96F094C142A72210048BC2C /* RSAccount.m */ = {isa = PBXFileReference; fileEncoding = 4; lastKnownFileType = sourcecode.c.objc; path = RSAccount.m; sourceTree = "<group>"; };
		C96F094D142A72210048BC2C /* RSFlavor.h */ = {isa = PBXFileReference; fileEncoding = 4; lastKnownFileType = sourcecode.c.h; path = RSFlavor.h; sourceTree = "<group>"; };
		C96F094E142A72210048BC2C /* RSFlavor.m */ = {isa = PBXFileReference; fileEncoding = 4; lastKnownFileType = sourcecode.c.objc; path = RSFlavor.m; sourceTree = "<group>"; };
		C96F094F142A72210048BC2C /* RSImage.h */ = {isa = PBXFileReference; fileEncoding = 4; lastKnownFileType = sourcecode.c.h; path = RSImage.h; sourceTree = "<group>"; };
		C96F0950142A72210048BC2C /* RSImage.m */ = {isa = PBXFileReference; fileEncoding = 4; lastKnownFileType = sourcecode.c.objc; path = RSImage.m; sourceTree = "<group>"; };
		C96F0951142A72210048BC2C /* RSLoadBalancer.h */ = {isa = PBXFileReference; fileEncoding = 4; lastKnownFileType = sourcecode.c.h; path = RSLoadBalancer.h; sourceTree = "<group>"; };
		C96F0952142A72210048BC2C /* RSLoadBalancer.m */ = {isa = PBXFileReference; fileEncoding = 4; lastKnownFileType = sourcecode.c.objc; path = RSLoadBalancer.m; sourceTree = "<group>"; };
		C96F0953142A72210048BC2C /* RSNode.h */ = {isa = PBXFileReference; fileEncoding = 4; lastKnownFileType = sourcecode.c.h; path = RSNode.h; sourceTree = "<group>"; };
		C96F0954142A72210048BC2C /* RSNode.m */ = {isa = PBXFileReference; fileEncoding = 4; lastKnownFileType = sourcecode.c.objc; path = RSNode.m; sourceTree = "<group>"; };
		C96F0955142A72210048BC2C /* RSProvider.h */ = {isa = PBXFileReference; fileEncoding = 4; lastKnownFileType = sourcecode.c.h; path = RSProvider.h; sourceTree = "<group>"; };
		C96F0956142A72210048BC2C /* RSProvider.m */ = {isa = PBXFileReference; fileEncoding = 4; lastKnownFileType = sourcecode.c.objc; path = RSProvider.m; sourceTree = "<group>"; };
		C96F0957142A72210048BC2C /* RSServer.h */ = {isa = PBXFileReference; fileEncoding = 4; lastKnownFileType = sourcecode.c.h; path = RSServer.h; sourceTree = "<group>"; };
		C96F0958142A72210048BC2C /* RSServer.m */ = {isa = PBXFileReference; fileEncoding = 4; lastKnownFileType = sourcecode.c.objc; path = RSServer.m; sourceTree = "<group>"; };
		C96F0959142A72210048BC2C /* RSServerAddress.h */ = {isa = PBXFileReference; fileEncoding = 4; lastKnownFileType = sourcecode.c.h; path = RSServerAddress.h; sourceTree = "<group>"; };
		C96F095A142A72210048BC2C /* RSServerAddress.m */ = {isa = PBXFileReference; fileEncoding = 4; lastKnownFileType = sourcecode.c.objc; path = RSServerAddress.m; sourceTree = "<group>"; };
		C96F095B142A72210048BC2C /* RSServerBackupSchedule.h */ = {isa = PBXFileReference; fileEncoding = 4; lastKnownFileType = sourcecode.c.h; path = RSServerBackupSchedule.h; sourceTree = "<group>"; };
		C96F095C142A72210048BC2C /* RSServerBackupSchedule.m */ = {isa = PBXFileReference; fileEncoding = 4; lastKnownFileType = sourcecode.c.objc; path = RSServerBackupSchedule.m; sourceTree = "<group>"; };
		C96F095D142A72210048BC2C /* RSServerMetaData.h */ = {isa = PBXFileReference; fileEncoding = 4; lastKnownFileType = sourcecode.c.h; path = RSServerMetaData.h; sourceTree = "<group>"; };
		C96F095E142A72210048BC2C /* RSServerMetaData.m */ = {isa = PBXFileReference; fileEncoding = 4; lastKnownFileType = sourcecode.c.objc; path = RSServerMetaData.m; sourceTree = "<group>"; };
		C96F095F142A72210048BC2C /* RSSharedIPGroup.h */ = {isa = PBXFileReference; fileEncoding = 4; lastKnownFileType = sourcecode.c.h; path = RSSharedIPGroup.h; sourceTree = "<group>"; };
		C96F0960142A72210048BC2C /* RSSharedIPGroup.m */ = {isa = PBXFileReference; fileEncoding = 4; lastKnownFileType = sourcecode.c.objc; path = RSSharedIPGroup.m; sourceTree = "<group>"; };
		C96F0961142A72210048BC2C /* RSVirtualIP.h */ = {isa = PBXFileReference; fileEncoding = 4; lastKnownFileType = sourcecode.c.h; path = RSVirtualIP.h; sourceTree = "<group>"; };
		C96F0962142A72210048BC2C /* RSVirtualIP.m */ = {isa = PBXFileReference; fileEncoding = 4; lastKnownFileType = sourcecode.c.objc; path = RSVirtualIP.m; sourceTree = "<group>"; };
		C96F0994142A724C0048BC2C /* Rackspace.xcdatamodel */ = {isa = PBXFileReference; lastKnownFileType = wrapper.xcdatamodel; path = Rackspace.xcdatamodel; sourceTree = "<group>"; };
		C96F0997142A72AB0048BC2C /* RSFileConnection.h */ = {isa = PBXFileReference; fileEncoding = 4; lastKnownFileType = sourcecode.c.h; path = RSFileConnection.h; sourceTree = "<group>"; };
		C96F0998142A72AB0048BC2C /* RSFileConnection.m */ = {isa = PBXFileReference; fileEncoding = 4; lastKnownFileType = sourcecode.c.objc; path = RSFileConnection.m; sourceTree = "<group>"; };
		C96F0999142A72AB0048BC2C /* RSNSURLConnection.h */ = {isa = PBXFileReference; fileEncoding = 4; lastKnownFileType = sourcecode.c.h; path = RSNSURLConnection.h; sourceTree = "<group>"; };
		C96F099A142A72AB0048BC2C /* RSNSURLConnection.m */ = {isa = PBXFileReference; fileEncoding = 4; lastKnownFileType = sourcecode.c.objc; path = RSNSURLConnection.m; sourceTree = "<group>"; };
		C9E0AB3F142B8BCB00EA595C /* fixtures */ = {isa = PBXFileReference; lastKnownFileType = folder; path = fixtures; sourceTree = "<group>"; };
/* End PBXFileReference section */

/* Begin PBXFrameworksBuildPhase section */
		C94ADA84141AA2CF00766C2F /* Frameworks */ = {
			isa = PBXFrameworksBuildPhase;
			buildActionMask = 2147483647;
			files = (
				C96F092C142A718D0048BC2C /* SystemConfiguration.framework in Frameworks */,
				C96F092A142A71850048BC2C /* CoreData.framework in Frameworks */,
				C94ADA8C141AA2CF00766C2F /* UIKit.framework in Frameworks */,
				C94ADA8E141AA2CF00766C2F /* Foundation.framework in Frameworks */,
				C94ADA90141AA2CF00766C2F /* CoreGraphics.framework in Frameworks */,
			);
			runOnlyForDeploymentPostprocessing = 0;
		};
		C94ADAB2141AA2D000766C2F /* Frameworks */ = {
			isa = PBXFrameworksBuildPhase;
			buildActionMask = 2147483647;
			files = (
				C94ADAB8141AA2D000766C2F /* SenTestingKit.framework in Frameworks */,
				C94ADAB9141AA2D000766C2F /* UIKit.framework in Frameworks */,
				C94ADABA141AA2D000766C2F /* Foundation.framework in Frameworks */,
				C9E0AB35142A782900EA595C /* SystemConfiguration.framework in Frameworks */,
				C9E0AB36142A782900EA595C /* CoreData.framework in Frameworks */,
			);
			runOnlyForDeploymentPostprocessing = 0;
		};
/* End PBXFrameworksBuildPhase section */

/* Begin PBXGroup section */
		C94ADA7C141AA2CF00766C2F = {
			isa = PBXGroup;
			children = (
				C94ADA91141AA2CF00766C2F /* Rackspace */,
				C94ADABD141AA2D000766C2F /* RackspaceTests */,
				C94ADA8A141AA2CF00766C2F /* Frameworks */,
				C94ADA88141AA2CF00766C2F /* Products */,
			);
			sourceTree = "<group>";
		};
		C94ADA88141AA2CF00766C2F /* Products */ = {
			isa = PBXGroup;
			children = (
				C94ADA87141AA2CF00766C2F /* Rackspace.app */,
				C94ADAB6141AA2D000766C2F /* RackspaceTests.octest */,
			);
			name = Products;
			sourceTree = "<group>";
		};
		C94ADA8A141AA2CF00766C2F /* Frameworks */ = {
			isa = PBXGroup;
			children = (
				C96F0923142A716F0048BC2C /* CoreSupport */,
				C96F08CA142A71660048BC2C /* CoreKit */,
				C96F092B142A718D0048BC2C /* SystemConfiguration.framework */,
				C96F0929142A71850048BC2C /* CoreData.framework */,
				C94ADA8B141AA2CF00766C2F /* UIKit.framework */,
				C94ADA8D141AA2CF00766C2F /* Foundation.framework */,
				C94ADA8F141AA2CF00766C2F /* CoreGraphics.framework */,
				C94ADAB7141AA2D000766C2F /* SenTestingKit.framework */,
			);
			name = Frameworks;
			sourceTree = "<group>";
		};
		C94ADA91141AA2CF00766C2F /* Rackspace */ = {
			isa = PBXGroup;
			children = (
				C96F0932142A72210048BC2C /* Models */,
				C94ADA9A141AA2CF00766C2F /* AppDelegate.h */,
				C94ADA9B141AA2CF00766C2F /* AppDelegate.m */,
				C94ADA9D141AA2CF00766C2F /* MainStoryboard_iPhone.storyboard */,
				C94ADAA0141AA2CF00766C2F /* MainStoryboard_iPad.storyboard */,
				C94ADAA3141AA2CF00766C2F /* FirstViewController.h */,
				C94ADAA4141AA2CF00766C2F /* FirstViewController.m */,
				C94ADAA6141AA2CF00766C2F /* first.png */,
				C94ADAA8141AA2CF00766C2F /* first@2x.png */,
				C94ADAAA141AA2CF00766C2F /* SecondViewController.h */,
				C94ADAAB141AA2CF00766C2F /* SecondViewController.m */,
				C94ADAAD141AA2CF00766C2F /* second.png */,
				C94ADAAF141AA2CF00766C2F /* second@2x.png */,
				C96F099F142A72B00048BC2C /* CoreKit Additions */,
				C94ADA92141AA2CF00766C2F /* Supporting Files */,
			);
			path = Rackspace;
			sourceTree = "<group>";
		};
		C94ADA92141AA2CF00766C2F /* Supporting Files */ = {
			isa = PBXGroup;
			children = (
				C94ADACE141AA3C600766C2F /* Localizations.strings */,
				C94ADA93141AA2CF00766C2F /* Rackspace-Info.plist */,
				C94ADA94141AA2CF00766C2F /* InfoPlist.strings */,
				C94ADA97141AA2CF00766C2F /* main.m */,
				C94ADA99141AA2CF00766C2F /* Rackspace-Prefix.pch */,
			);
			name = "Supporting Files";
			sourceTree = "<group>";
		};
		C94ADABD141AA2D000766C2F /* RackspaceTests */ = {
			isa = PBXGroup;
			children = (
				C9E0AB3F142B8BCB00EA595C /* fixtures */,
				C94ADAC3141AA2D000766C2F /* RackspaceTests.h */,
				C94ADAC4141AA2D000766C2F /* RackspaceTests.m */,
				C94ADABE141AA2D000766C2F /* Supporting Files */,
			);
			path = RackspaceTests;
			sourceTree = "<group>";
		};
		C94ADABE141AA2D000766C2F /* Supporting Files */ = {
			isa = PBXGroup;
			children = (
				C94ADABF141AA2D000766C2F /* RackspaceTests-Info.plist */,
				C94ADAC0141AA2D000766C2F /* InfoPlist.strings */,
			);
			name = "Supporting Files";
			sourceTree = "<group>";
		};
		C96F08CA142A71660048BC2C /* CoreKit */ = {
			isa = PBXGroup;
			children = (
				C96F08CB142A71660048BC2C /* CKBindingMap.h */,
				C96F08CC142A71660048BC2C /* CKBindingMap.m */,
				C96F08CD142A71660048BC2C /* CKBindings.h */,
				C96F08CE142A71660048BC2C /* CKBindings.m */,
				C96F08CF142A71660048BC2C /* CKConnection.h */,
				C96F08D0142A71660048BC2C /* CKCoreData.h */,
				C96F08D1142A71660048BC2C /* CKCoreData.m */,
				C96F08D2142A71660048BC2C /* CKDefines.h */,
				C96F08D3142A71660048BC2C /* CKManager.h */,
				C96F08D4142A71660048BC2C /* CKManager.m */,
				C96F08D5142A71660048BC2C /* CKNSJSONSerialization.h */,
				C96F08D6142A71660048BC2C /* CKNSJSONSerialization.m */,
				C96F08D7142A71660048BC2C /* CKNSURLConnection.h */,
				C96F08D8142A71660048BC2C /* CKNSURLConnection.m */,
				C96F08D9142A71660048BC2C /* CKRecord+CKBindings.h */,
				C96F08DA142A71660048BC2C /* CKRecord+CKBindings.m */,
				C96F08DB142A71660048BC2C /* CKRecord+CKRouter.h */,
				C96F08DC142A71660048BC2C /* CKRecord+CKRouter.m */,
				C96F08DD142A71660048BC2C /* CKRecord.h */,
				C96F08DE142A71660048BC2C /* CKRecord.m */,
				C96F08DF142A71660048BC2C /* CKRecordPrivate.h */,
				C96F08E0142A71660048BC2C /* CKRecordPrivate.m */,
				C96F08E1142A71660048BC2C /* CKRequest.h */,
				C96F08E2142A71660048BC2C /* CKRequest.m */,
				C96F08E3142A71660048BC2C /* CKResult.h */,
				C96F08E4142A71660048BC2C /* CKResult.m */,
				C96F08E5142A71660048BC2C /* CKRouter.h */,
				C96F08E6142A71660048BC2C /* CKRouter.m */,
				C96F08E7142A71660048BC2C /* CKRouterMap.h */,
				C96F08E8142A71660048BC2C /* CKRouterMap.m */,
				C96F08E9142A71660048BC2C /* CKSerialization.h */,
				C96F08EA142A71660048BC2C /* CKSupport.h */,
				C96F08EB142A71660048BC2C /* CKSupport.m */,
				C96F08EC142A71660048BC2C /* CKTableViewDataSource.h */,
				C96F08ED142A71660048BC2C /* CKTableViewDataSource.m */,
				C96F08EE142A71660048BC2C /* CoreKit-Prefix.pch */,
				C96F08EF142A71660048BC2C /* CoreKit.h */,
				C96F08F0142A71660048BC2C /* CWInflector.h */,
				C96F08F1142A71660048BC2C /* CWInflector.mm */,
				C96F08F2142A71660048BC2C /* inflections.plist */,
				C96F08F3142A71660048BC2C /* NSDictionary+NSDictionary_KeyPath.h */,
				C96F08F4142A71660048BC2C /* NSDictionary+NSDictionary_KeyPath.m */,
				C96F08F5142A71660048BC2C /* NSString+InflectionSupport.h */,
				C96F08F6142A71660048BC2C /* NSString+InflectionSupport.m */,
				C96F08F7142A71660048BC2C /* Reachability.h */,
				C96F08F8142A71660048BC2C /* Reachability.m */,
			);
			name = CoreKit;
			path = ../../corekit/CoreKit;
			sourceTree = "<group>";
		};
		C96F0923142A716F0048BC2C /* CoreSupport */ = {
			isa = PBXGroup;
			children = (
				C96F0924142A716F0048BC2C /* CoreSupport-Prefix.pch */,
				C96F0925142A716F0048BC2C /* CoreSupport.h */,
				C96F0926142A716F0048BC2C /* CoreSupport.m */,
			);
			name = CoreSupport;
			path = ../../corekit/CoreSupport;
			sourceTree = "<group>";
		};
		C96F0932142A72210048BC2C /* Models */ = {
			isa = PBXGroup;
			children = (
				C96F0994142A724C0048BC2C /* Rackspace.xcdatamodel */,
				C96F094B142A72210048BC2C /* RSAccount.h */,
				C96F094C142A72210048BC2C /* RSAccount.m */,
				C96F094D142A72210048BC2C /* RSFlavor.h */,
				C96F094E142A72210048BC2C /* RSFlavor.m */,
				C96F094F142A72210048BC2C /* RSImage.h */,
				C96F0950142A72210048BC2C /* RSImage.m */,
				C96F0951142A72210048BC2C /* RSLoadBalancer.h */,
				C96F0952142A72210048BC2C /* RSLoadBalancer.m */,
				C96F0953142A72210048BC2C /* RSNode.h */,
				C96F0954142A72210048BC2C /* RSNode.m */,
				C96F0955142A72210048BC2C /* RSProvider.h */,
				C96F0956142A72210048BC2C /* RSProvider.m */,
				C96F0957142A72210048BC2C /* RSServer.h */,
				C96F0958142A72210048BC2C /* RSServer.m */,
				C96F0959142A72210048BC2C /* RSServerAddress.h */,
				C96F095A142A72210048BC2C /* RSServerAddress.m */,
				C96F095B142A72210048BC2C /* RSServerBackupSchedule.h */,
				C96F095C142A72210048BC2C /* RSServerBackupSchedule.m */,
				C96F095D142A72210048BC2C /* RSServerMetaData.h */,
				C96F095E142A72210048BC2C /* RSServerMetaData.m */,
				C96F095F142A72210048BC2C /* RSSharedIPGroup.h */,
				C96F0960142A72210048BC2C /* RSSharedIPGroup.m */,
				C96F0961142A72210048BC2C /* RSVirtualIP.h */,
				C96F0962142A72210048BC2C /* RSVirtualIP.m */,
				C96F0993142A72320048BC2C /* Machine Files */,
			);
			path = Models;
			sourceTree = "<group>";
		};
		C96F0993142A72320048BC2C /* Machine Files */ = {
			isa = PBXGroup;
			children = (
				C96F0933142A72210048BC2C /* _RSAccount.h */,
				C96F0934142A72210048BC2C /* _RSAccount.m */,
				C96F0935142A72210048BC2C /* _RSFlavor.h */,
				C96F0936142A72210048BC2C /* _RSFlavor.m */,
				C96F0937142A72210048BC2C /* _RSImage.h */,
				C96F0938142A72210048BC2C /* _RSImage.m */,
				C96F0939142A72210048BC2C /* _RSLoadBalancer.h */,
				C96F093A142A72210048BC2C /* _RSLoadBalancer.m */,
				C96F093B142A72210048BC2C /* _RSNode.h */,
				C96F093C142A72210048BC2C /* _RSNode.m */,
				C96F093D142A72210048BC2C /* _RSProvider.h */,
				C96F093E142A72210048BC2C /* _RSProvider.m */,
				C96F093F142A72210048BC2C /* _RSServer.h */,
				C96F0940142A72210048BC2C /* _RSServer.m */,
				C96F0941142A72210048BC2C /* _RSServerAddress.h */,
				C96F0942142A72210048BC2C /* _RSServerAddress.m */,
				C96F0943142A72210048BC2C /* _RSServerBackupSchedule.h */,
				C96F0944142A72210048BC2C /* _RSServerBackupSchedule.m */,
				C96F0945142A72210048BC2C /* _RSServerMetaData.h */,
				C96F0946142A72210048BC2C /* _RSServerMetaData.m */,
				C96F0947142A72210048BC2C /* _RSSharedIPGroup.h */,
				C96F0948142A72210048BC2C /* _RSSharedIPGroup.m */,
				C96F0949142A72210048BC2C /* _RSVirtualIP.h */,
				C96F094A142A72210048BC2C /* _RSVirtualIP.m */,
			);
			name = "Machine Files";
			sourceTree = "<group>";
		};
		C96F099F142A72B00048BC2C /* CoreKit Additions */ = {
			isa = PBXGroup;
			children = (
				C96F0997142A72AB0048BC2C /* RSFileConnection.h */,
				C96F0998142A72AB0048BC2C /* RSFileConnection.m */,
				C96F0999142A72AB0048BC2C /* RSNSURLConnection.h */,
				C96F099A142A72AB0048BC2C /* RSNSURLConnection.m */,
			);
			name = "CoreKit Additions";
			sourceTree = "<group>";
		};
/* End PBXGroup section */

/* Begin PBXNativeTarget section */
		C94ADA86141AA2CF00766C2F /* Rackspace */ = {
			isa = PBXNativeTarget;
			buildConfigurationList = C94ADAC8141AA2D000766C2F /* Build configuration list for PBXNativeTarget "Rackspace" */;
			buildPhases = (
				C94ADA83141AA2CF00766C2F /* Sources */,
				C94ADA84141AA2CF00766C2F /* Frameworks */,
				C94ADA85141AA2CF00766C2F /* Resources */,
			);
			buildRules = (
			);
			dependencies = (
			);
			name = Rackspace;
			productName = Rackspace;
			productReference = C94ADA87141AA2CF00766C2F /* Rackspace.app */;
			productType = "com.apple.product-type.application";
		};
		C94ADAB5141AA2D000766C2F /* RackspaceTests */ = {
			isa = PBXNativeTarget;
			buildConfigurationList = C94ADACB141AA2D000766C2F /* Build configuration list for PBXNativeTarget "RackspaceTests" */;
			buildPhases = (
				C94ADAB1141AA2D000766C2F /* Sources */,
				C94ADAB2141AA2D000766C2F /* Frameworks */,
				C94ADAB3141AA2D000766C2F /* Resources */,
				C94ADAB4141AA2D000766C2F /* ShellScript */,
			);
			buildRules = (
			);
			dependencies = (
				C94ADABC141AA2D000766C2F /* PBXTargetDependency */,
			);
			name = RackspaceTests;
			productName = RackspaceTests;
			productReference = C94ADAB6141AA2D000766C2F /* RackspaceTests.octest */;
			productType = "com.apple.product-type.bundle";
		};
/* End PBXNativeTarget section */

/* Begin PBXProject section */
		C94ADA7E141AA2CF00766C2F /* Project object */ = {
			isa = PBXProject;
			attributes = {
				LastUpgradeCheck = 0420;
				ORGANIZATIONNAME = "MNDCreative, LLC";
			};
			buildConfigurationList = C94ADA81141AA2CF00766C2F /* Build configuration list for PBXProject "Rackspace" */;
			compatibilityVersion = "Xcode 3.2";
			developmentRegion = English;
			hasScannedForEncodings = 0;
			knownRegions = (
				en,
			);
			mainGroup = C94ADA7C141AA2CF00766C2F;
			productRefGroup = C94ADA88141AA2CF00766C2F /* Products */;
			projectDirPath = "";
			projectRoot = "";
			targets = (
				C94ADA86141AA2CF00766C2F /* Rackspace */,
				C94ADAB5141AA2D000766C2F /* RackspaceTests */,
			);
		};
/* End PBXProject section */

/* Begin PBXResourcesBuildPhase section */
		C94ADA85141AA2CF00766C2F /* Resources */ = {
			isa = PBXResourcesBuildPhase;
			buildActionMask = 2147483647;
			files = (
				C94ADA96141AA2CF00766C2F /* InfoPlist.strings in Resources */,
				C94ADA9F141AA2CF00766C2F /* MainStoryboard_iPhone.storyboard in Resources */,
				C94ADAA2141AA2CF00766C2F /* MainStoryboard_iPad.storyboard in Resources */,
				C94ADAA7141AA2CF00766C2F /* first.png in Resources */,
				C94ADAA9141AA2CF00766C2F /* first@2x.png in Resources */,
				C94ADAAE141AA2CF00766C2F /* second.png in Resources */,
				C94ADAB0141AA2CF00766C2F /* second@2x.png in Resources */,
				C94ADACF141AA3C600766C2F /* Localizations.strings in Resources */,
				C96F091B142A71660048BC2C /* inflections.plist in Resources */,
			);
			runOnlyForDeploymentPostprocessing = 0;
		};
		C94ADAB3141AA2D000766C2F /* Resources */ = {
			isa = PBXResourcesBuildPhase;
			buildActionMask = 2147483647;
			files = (
				C94ADAC2141AA2D000766C2F /* InfoPlist.strings in Resources */,
				C96F091C142A71660048BC2C /* inflections.plist in Resources */,
				C9E0AB40142B8BCB00EA595C /* fixtures in Resources */,
			);
			runOnlyForDeploymentPostprocessing = 0;
		};
/* End PBXResourcesBuildPhase section */

/* Begin PBXShellScriptBuildPhase section */
		C94ADAB4141AA2D000766C2F /* ShellScript */ = {
			isa = PBXShellScriptBuildPhase;
			buildActionMask = 2147483647;
			files = (
			);
			inputPaths = (
			);
			outputPaths = (
			);
			runOnlyForDeploymentPostprocessing = 0;
			shellPath = /bin/sh;
			shellScript = "# Run the unit tests in this test bundle.\n\"${SYSTEM_DEVELOPER_DIR}/Tools/RunUnitTests\"\n";
		};
/* End PBXShellScriptBuildPhase section */

/* Begin PBXSourcesBuildPhase section */
		C94ADA83141AA2CF00766C2F /* Sources */ = {
			isa = PBXSourcesBuildPhase;
			buildActionMask = 2147483647;
			files = (
				C94ADA98141AA2CF00766C2F /* main.m in Sources */,
				C94ADA9C141AA2CF00766C2F /* AppDelegate.m in Sources */,
				C94ADAA5141AA2CF00766C2F /* FirstViewController.m in Sources */,
				C94ADAAC141AA2CF00766C2F /* SecondViewController.m in Sources */,
				C96F08F9142A71660048BC2C /* CKBindingMap.m in Sources */,
				C96F08FB142A71660048BC2C /* CKBindings.m in Sources */,
				C96F08FD142A71660048BC2C /* CKCoreData.m in Sources */,
				C96F08FF142A71660048BC2C /* CKManager.m in Sources */,
				C96F0901142A71660048BC2C /* CKNSJSONSerialization.m in Sources */,
				C96F0903142A71660048BC2C /* CKNSURLConnection.m in Sources */,
				C96F0905142A71660048BC2C /* CKRecord+CKBindings.m in Sources */,
				C96F0907142A71660048BC2C /* CKRecord+CKRouter.m in Sources */,
				C96F0909142A71660048BC2C /* CKRecord.m in Sources */,
				C96F090B142A71660048BC2C /* CKRecordPrivate.m in Sources */,
				C96F090D142A71660048BC2C /* CKRequest.m in Sources */,
				C96F090F142A71660048BC2C /* CKResult.m in Sources */,
				C96F0911142A71660048BC2C /* CKRouter.m in Sources */,
				C96F0913142A71660048BC2C /* CKRouterMap.m in Sources */,
				C96F0915142A71660048BC2C /* CKSupport.m in Sources */,
				C96F0917142A71660048BC2C /* CKTableViewDataSource.m in Sources */,
				C96F0919142A71660048BC2C /* CWInflector.mm in Sources */,
				C96F091D142A71660048BC2C /* NSDictionary+NSDictionary_KeyPath.m in Sources */,
				C96F091F142A71660048BC2C /* NSString+InflectionSupport.m in Sources */,
				C96F0921142A71660048BC2C /* Reachability.m in Sources */,
				C96F0927142A716F0048BC2C /* CoreSupport.m in Sources */,
				C96F0963142A72210048BC2C /* _RSAccount.m in Sources */,
				C96F0965142A72210048BC2C /* _RSFlavor.m in Sources */,
				C96F0967142A72210048BC2C /* _RSImage.m in Sources */,
				C96F0969142A72210048BC2C /* _RSLoadBalancer.m in Sources */,
				C96F096B142A72210048BC2C /* _RSNode.m in Sources */,
				C96F096D142A72210048BC2C /* _RSProvider.m in Sources */,
				C96F096F142A72210048BC2C /* _RSServer.m in Sources */,
				C96F0971142A72210048BC2C /* _RSServerAddress.m in Sources */,
				C96F0973142A72210048BC2C /* _RSServerBackupSchedule.m in Sources */,
				C96F0975142A72210048BC2C /* _RSServerMetaData.m in Sources */,
				C96F0977142A72210048BC2C /* _RSSharedIPGroup.m in Sources */,
				C96F0979142A72210048BC2C /* _RSVirtualIP.m in Sources */,
				C96F097B142A72210048BC2C /* RSAccount.m in Sources */,
				C96F097D142A72210048BC2C /* RSFlavor.m in Sources */,
				C96F097F142A72210048BC2C /* RSImage.m in Sources */,
				C96F0981142A72210048BC2C /* RSLoadBalancer.m in Sources */,
				C96F0983142A72210048BC2C /* RSNode.m in Sources */,
				C96F0985142A72210048BC2C /* RSProvider.m in Sources */,
				C96F0987142A72210048BC2C /* RSServer.m in Sources */,
				C96F0989142A72210048BC2C /* RSServerAddress.m in Sources */,
				C96F098B142A72210048BC2C /* RSServerBackupSchedule.m in Sources */,
				C96F098D142A72210048BC2C /* RSServerMetaData.m in Sources */,
				C96F098F142A72210048BC2C /* RSSharedIPGroup.m in Sources */,
				C96F0991142A72210048BC2C /* RSVirtualIP.m in Sources */,
				C96F0995142A724C0048BC2C /* Rackspace.xcdatamodel in Sources */,
				C96F099B142A72AB0048BC2C /* RSFileConnection.m in Sources */,
				C96F099D142A72AB0048BC2C /* RSNSURLConnection.m in Sources */,
			);
			runOnlyForDeploymentPostprocessing = 0;
		};
		C94ADAB1141AA2D000766C2F /* Sources */ = {
			isa = PBXSourcesBuildPhase;
			buildActionMask = 2147483647;
			files = (
				C94ADAC5141AA2D000766C2F /* RackspaceTests.m in Sources */,
				C96F08FA142A71660048BC2C /* CKBindingMap.m in Sources */,
				C96F08FC142A71660048BC2C /* CKBindings.m in Sources */,
				C96F08FE142A71660048BC2C /* CKCoreData.m in Sources */,
				C96F0900142A71660048BC2C /* CKManager.m in Sources */,
				C96F0902142A71660048BC2C /* CKNSJSONSerialization.m in Sources */,
				C96F0904142A71660048BC2C /* CKNSURLConnection.m in Sources */,
				C96F0906142A71660048BC2C /* CKRecord+CKBindings.m in Sources */,
				C96F0908142A71660048BC2C /* CKRecord+CKRouter.m in Sources */,
				C96F090A142A71660048BC2C /* CKRecord.m in Sources */,
				C96F090C142A71660048BC2C /* CKRecordPrivate.m in Sources */,
				C96F090E142A71660048BC2C /* CKRequest.m in Sources */,
				C96F0910142A71660048BC2C /* CKResult.m in Sources */,
				C96F0912142A71660048BC2C /* CKRouter.m in Sources */,
				C96F0914142A71660048BC2C /* CKRouterMap.m in Sources */,
				C96F0916142A71660048BC2C /* CKSupport.m in Sources */,
				C96F0918142A71660048BC2C /* CKTableViewDataSource.m in Sources */,
				C96F091A142A71660048BC2C /* CWInflector.mm in Sources */,
				C96F091E142A71660048BC2C /* NSDictionary+NSDictionary_KeyPath.m in Sources */,
				C96F0920142A71660048BC2C /* NSString+InflectionSupport.m in Sources */,
				C96F0922142A71660048BC2C /* Reachability.m in Sources */,
				C96F0928142A716F0048BC2C /* CoreSupport.m in Sources */,
				C96F0964142A72210048BC2C /* _RSAccount.m in Sources */,
				C96F0966142A72210048BC2C /* _RSFlavor.m in Sources */,
				C96F0968142A72210048BC2C /* _RSImage.m in Sources */,
				C96F096A142A72210048BC2C /* _RSLoadBalancer.m in Sources */,
				C96F096C142A72210048BC2C /* _RSNode.m in Sources */,
				C96F096E142A72210048BC2C /* _RSProvider.m in Sources */,
				C96F0970142A72210048BC2C /* _RSServer.m in Sources */,
				C96F0972142A72210048BC2C /* _RSServerAddress.m in Sources */,
				C96F0974142A72210048BC2C /* _RSServerBackupSchedule.m in Sources */,
				C96F0976142A72210048BC2C /* _RSServerMetaData.m in Sources */,
				C96F0978142A72210048BC2C /* _RSSharedIPGroup.m in Sources */,
				C96F097A142A72210048BC2C /* _RSVirtualIP.m in Sources */,
				C96F097C142A72210048BC2C /* RSAccount.m in Sources */,
				C96F097E142A72210048BC2C /* RSFlavor.m in Sources */,
				C96F0980142A72210048BC2C /* RSImage.m in Sources */,
				C96F0982142A72210048BC2C /* RSLoadBalancer.m in Sources */,
				C96F0984142A72210048BC2C /* RSNode.m in Sources */,
				C96F0986142A72210048BC2C /* RSProvider.m in Sources */,
				C96F0988142A72210048BC2C /* RSServer.m in Sources */,
				C96F098A142A72210048BC2C /* RSServerAddress.m in Sources */,
				C96F098C142A72210048BC2C /* RSServerBackupSchedule.m in Sources */,
				C96F098E142A72210048BC2C /* RSServerMetaData.m in Sources */,
				C96F0990142A72210048BC2C /* RSSharedIPGroup.m in Sources */,
				C96F0992142A72210048BC2C /* RSVirtualIP.m in Sources */,
				C96F0996142A724C0048BC2C /* Rackspace.xcdatamodel in Sources */,
				C96F099C142A72AB0048BC2C /* RSFileConnection.m in Sources */,
				C96F099E142A72AB0048BC2C /* RSNSURLConnection.m in Sources */,
			);
			runOnlyForDeploymentPostprocessing = 0;
		};
/* End PBXSourcesBuildPhase section */

/* Begin PBXTargetDependency section */
		C94ADABC141AA2D000766C2F /* PBXTargetDependency */ = {
			isa = PBXTargetDependency;
			target = C94ADA86141AA2CF00766C2F /* Rackspace */;
			targetProxy = C94ADABB141AA2D000766C2F /* PBXContainerItemProxy */;
		};
/* End PBXTargetDependency section */

/* Begin PBXVariantGroup section */
		C94ADA94141AA2CF00766C2F /* InfoPlist.strings */ = {
			isa = PBXVariantGroup;
			children = (
				C94ADA95141AA2CF00766C2F /* en */,
			);
			name = InfoPlist.strings;
			sourceTree = "<group>";
		};
		C94ADA9D141AA2CF00766C2F /* MainStoryboard_iPhone.storyboard */ = {
			isa = PBXVariantGroup;
			children = (
				C94ADA9E141AA2CF00766C2F /* en */,
			);
			name = MainStoryboard_iPhone.storyboard;
			sourceTree = "<group>";
		};
		C94ADAA0141AA2CF00766C2F /* MainStoryboard_iPad.storyboard */ = {
			isa = PBXVariantGroup;
			children = (
				C94ADAA1141AA2CF00766C2F /* en */,
			);
			name = MainStoryboard_iPad.storyboard;
			sourceTree = "<group>";
		};
		C94ADAC0141AA2D000766C2F /* InfoPlist.strings */ = {
			isa = PBXVariantGroup;
			children = (
				C94ADAC1141AA2D000766C2F /* en */,
			);
			name = InfoPlist.strings;
			sourceTree = "<group>";
		};
/* End PBXVariantGroup section */

/* Begin XCBuildConfiguration section */
		C94ADAC6141AA2D000766C2F /* Debug */ = {
			isa = XCBuildConfiguration;
			buildSettings = {
				ALWAYS_SEARCH_USER_PATHS = NO;
				ARCHS = "$(ARCHS_STANDARD_32_BIT)";
				CLANG_ENABLE_OBJC_ARC = YES;
				"CODE_SIGN_IDENTITY[sdk=iphoneos*]" = "iPhone Developer";
				COPY_PHASE_STRIP = NO;
				GCC_C_LANGUAGE_STANDARD = gnu99;
				GCC_DYNAMIC_NO_PIC = NO;
				GCC_OPTIMIZATION_LEVEL = 0;
				GCC_PREPROCESSOR_DEFINITIONS = (
					"DEBUG=1",
					"$(inherited)",
				);
				GCC_SYMBOLS_PRIVATE_EXTERN = NO;
				GCC_VERSION = com.apple.compilers.llvm.clang.1_0;
				GCC_WARN_ABOUT_MISSING_PROTOTYPES = YES;
				GCC_WARN_ABOUT_RETURN_TYPE = YES;
				GCC_WARN_UNUSED_VARIABLE = YES;
				IPHONEOS_DEPLOYMENT_TARGET = 5.0;
				SDKROOT = iphoneos;
				TARGETED_DEVICE_FAMILY = "1,2";
			};
			name = Debug;
		};
		C94ADAC7141AA2D000766C2F /* Release */ = {
			isa = XCBuildConfiguration;
			buildSettings = {
				ALWAYS_SEARCH_USER_PATHS = NO;
				ARCHS = "$(ARCHS_STANDARD_32_BIT)";
				CLANG_ENABLE_OBJC_ARC = YES;
				"CODE_SIGN_IDENTITY[sdk=iphoneos*]" = "iPhone Developer";
				COPY_PHASE_STRIP = YES;
				GCC_C_LANGUAGE_STANDARD = gnu99;
				GCC_VERSION = com.apple.compilers.llvm.clang.1_0;
				GCC_WARN_ABOUT_MISSING_PROTOTYPES = YES;
				GCC_WARN_ABOUT_RETURN_TYPE = YES;
				GCC_WARN_UNUSED_VARIABLE = YES;
				IPHONEOS_DEPLOYMENT_TARGET = 5.0;
				OTHER_CFLAGS = "-DNS_BLOCK_ASSERTIONS=1";
				SDKROOT = iphoneos;
				TARGETED_DEVICE_FAMILY = "1,2";
				VALIDATE_PRODUCT = YES;
			};
			name = Release;
		};
		C94ADAC9141AA2D000766C2F /* Debug */ = {
			isa = XCBuildConfiguration;
			buildSettings = {
				GCC_PRECOMPILE_PREFIX_HEADER = YES;
				GCC_PREFIX_HEADER = "Rackspace/Rackspace-Prefix.pch";
				INFOPLIST_FILE = "Rackspace/Rackspace-Info.plist";
				PRODUCT_NAME = "$(TARGET_NAME)";
				WRAPPER_EXTENSION = app;
			};
			name = Debug;
		};
		C94ADACA141AA2D000766C2F /* Release */ = {
			isa = XCBuildConfiguration;
			buildSettings = {
				GCC_PRECOMPILE_PREFIX_HEADER = YES;
				GCC_PREFIX_HEADER = "Rackspace/Rackspace-Prefix.pch";
				INFOPLIST_FILE = "Rackspace/Rackspace-Info.plist";
				PRODUCT_NAME = "$(TARGET_NAME)";
				WRAPPER_EXTENSION = app;
			};
			name = Release;
		};
		C94ADACC141AA2D000766C2F /* Debug */ = {
			isa = XCBuildConfiguration;
			buildSettings = {
				BUNDLE_LOADER = "$(BUILT_PRODUCTS_DIR)/Rackspace.app/Rackspace";
				FRAMEWORK_SEARCH_PATHS = (
					"$(SDKROOT)/Developer/Library/Frameworks",
					"$(DEVELOPER_LIBRARY_DIR)/Frameworks",
				);
				GCC_PRECOMPILE_PREFIX_HEADER = YES;
				GCC_PREFIX_HEADER = "Rackspace/Rackspace-Prefix.pch";
				INFOPLIST_FILE = "RackspaceTests/RackspaceTests-Info.plist";
				PRODUCT_NAME = "$(TARGET_NAME)";
				TEST_HOST = "$(BUNDLE_LOADER)";
				WRAPPER_EXTENSION = octest;
			};
			name = Debug;
		};
		C94ADACD141AA2D000766C2F /* Release */ = {
			isa = XCBuildConfiguration;
			buildSettings = {
				BUNDLE_LOADER = "$(BUILT_PRODUCTS_DIR)/Rackspace.app/Rackspace";
				FRAMEWORK_SEARCH_PATHS = (
					"$(SDKROOT)/Developer/Library/Frameworks",
					"$(DEVELOPER_LIBRARY_DIR)/Frameworks",
				);
				GCC_PRECOMPILE_PREFIX_HEADER = YES;
				GCC_PREFIX_HEADER = "Rackspace/Rackspace-Prefix.pch";
				INFOPLIST_FILE = "RackspaceTests/RackspaceTests-Info.plist";
				PRODUCT_NAME = "$(TARGET_NAME)";
				TEST_HOST = "$(BUNDLE_LOADER)";
				WRAPPER_EXTENSION = octest;
			};
			name = Release;
		};
/* End XCBuildConfiguration section */

/* Begin XCConfigurationList section */
		C94ADA81141AA2CF00766C2F /* Build configuration list for PBXProject "Rackspace" */ = {
			isa = XCConfigurationList;
			buildConfigurations = (
				C94ADAC6141AA2D000766C2F /* Debug */,
				C94ADAC7141AA2D000766C2F /* Release */,
			);
			defaultConfigurationIsVisible = 0;
			defaultConfigurationName = Release;
		};
		C94ADAC8141AA2D000766C2F /* Build configuration list for PBXNativeTarget "Rackspace" */ = {
			isa = XCConfigurationList;
			buildConfigurations = (
				C94ADAC9141AA2D000766C2F /* Debug */,
				C94ADACA141AA2D000766C2F /* Release */,
			);
			defaultConfigurationIsVisible = 0;
			defaultConfigurationName = Release;
		};
		C94ADACB141AA2D000766C2F /* Build configuration list for PBXNativeTarget "RackspaceTests" */ = {
			isa = XCConfigurationList;
			buildConfigurations = (
				C94ADACC141AA2D000766C2F /* Debug */,
				C94ADACD141AA2D000766C2F /* Release */,
			);
			defaultConfigurationIsVisible = 0;
			defaultConfigurationName = Release;
		};
/* End XCConfigurationList section */
	};
	rootObject = C94ADA7E141AA2CF00766C2F /* Project object */;
}
